
Microsoft Visual Studio Solution File, Format Version 12.00
# Visual Studio 2012
Project("{FAE04EC0-301F-11D3-BF4B-00C04F79EFBC}") = "Interpreter", "Interpreter\Interpreter.csproj", "{C9ED1B35-C91E-486F-9D85-EA2ABFACE585}"
EndProject
Project("{FAE04EC0-301F-11D3-BF4B-00C04F79EFBC}") = "Tests", "Tests\Tests.csproj", "{799E0203-0FED-45B3-9026-5525A1EC1FEC}"
EndProject
Global
	GlobalSection(SolutionConfigurationPlatforms) = preSolution
		Debug|Any CPU = Debug|Any CPU
		Release|Any CPU = Release|Any CPU
	EndGlobalSection
	GlobalSection(ProjectConfigurationPlatforms) = postSolution
		{C9ED1B35-C91E-486F-9D85-EA2ABFACE585}.Debug|Any CPU.ActiveCfg = Debug|Any CPU
		{C9ED1B35-C91E-486F-9D85-EA2ABFACE585}.Debug|Any CPU.Build.0 = Debug|Any CPU
		{C9ED1B35-C91E-486F-9D85-EA2ABFACE585}.Release|Any CPU.ActiveCfg = Release|Any CPU
		{C9ED1B35-C91E-486F-9D85-EA2ABFACE585}.Release|Any CPU.Build.0 = Release|Any CPU
		{799E0203-0FED-45B3-9026-5525A1EC1FEC}.Debug|Any CPU.ActiveCfg = Debug|Any CPU
		{799E0203-0FED-45B3-9026-5525A1EC1FEC}.Debug|Any CPU.Build.0 = Debug|Any CPU
		{799E0203-0FED-45B3-9026-5525A1EC1FEC}.Release|Any CPU.ActiveCfg = Release|Any CPU
		{799E0203-0FED-45B3-9026-5525A1EC1FEC}.Release|Any CPU.Build.0 = Release|Any CPU
	EndGlobalSection
	GlobalSection(SolutionProperties) = preSolution
		HideSolutionNode = FALSE
	EndGlobalSection
EndGlobal
