
Microsoft Visual Studio Solution File, Format Version 12.00
# Visual Studio 2012
Project("{FAE04EC0-301F-11D3-BF4B-00C04F79EFBC}") = "Assignment 5", "Assignment 5\Assignment 5.csproj", "{7FEB23DF-953A-4332-ACF7-AC5E2A43C45F}"
EndProject
Project("{FAE04EC0-301F-11D3-BF4B-00C04F79EFBC}") = "UnitTests", "UnitTests\UnitTests.csproj", "{C2C8B8C4-1A4D-4492-97EF-14DB015B8150}"
EndProject
Global
	GlobalSection(SolutionConfigurationPlatforms) = preSolution
		Debug|Any CPU = Debug|Any CPU
		Release|Any CPU = Release|Any CPU
	EndGlobalSection
	GlobalSection(ProjectConfigurationPlatforms) = postSolution
		{7FEB23DF-953A-4332-ACF7-AC5E2A43C45F}.Debug|Any CPU.ActiveCfg = Debug|Any CPU
		{7FEB23DF-953A-4332-ACF7-AC5E2A43C45F}.Debug|Any CPU.Build.0 = Debug|Any CPU
		{7FEB23DF-953A-4332-ACF7-AC5E2A43C45F}.Release|Any CPU.ActiveCfg = Release|Any CPU
		{7FEB23DF-953A-4332-ACF7-AC5E2A43C45F}.Release|Any CPU.Build.0 = Release|Any CPU
		{C2C8B8C4-1A4D-4492-97EF-14DB015B8150}.Debug|Any CPU.ActiveCfg = Debug|Any CPU
		{C2C8B8C4-1A4D-4492-97EF-14DB015B8150}.Debug|Any CPU.Build.0 = Debug|Any CPU
		{C2C8B8C4-1A4D-4492-97EF-14DB015B8150}.Release|Any CPU.ActiveCfg = Release|Any CPU
		{C2C8B8C4-1A4D-4492-97EF-14DB015B8150}.Release|Any CPU.Build.0 = Release|Any CPU
	EndGlobalSection
	GlobalSection(SolutionProperties) = preSolution
		HideSolutionNode = FALSE
	EndGlobalSection
EndGlobal
